// !$*UTF8*$!
{
	archiveVersion = 1;
	classes = {
	};
	objectVersion = 56;
	objects = {

/* Begin PBXBuildFile section */
		CE05F86A2BA44ED600E4D985 /* AppetizerResponse.swift in Sources */ = {isa = PBXBuildFile; fileRef = CE05F8692BA44ED600E4D985 /* AppetizerResponse.swift */; };
		CE6F4FE42BA3FC05004ACA67 /* AppetizersApp.swift in Sources */ = {isa = PBXBuildFile; fileRef = CE6F4FE32BA3FC05004ACA67 /* AppetizersApp.swift */; };
		CE6F4FE82BA3FC06004ACA67 /* Assets.xcassets in Resources */ = {isa = PBXBuildFile; fileRef = CE6F4FE72BA3FC06004ACA67 /* Assets.xcassets */; };
		CE6F4FEB2BA3FC06004ACA67 /* Preview Assets.xcassets in Resources */ = {isa = PBXBuildFile; fileRef = CE6F4FEA2BA3FC06004ACA67 /* Preview Assets.xcassets */; };
		CE6F4FED2BA3FC06004ACA67 /* Persistence.swift in Sources */ = {isa = PBXBuildFile; fileRef = CE6F4FEC2BA3FC06004ACA67 /* Persistence.swift */; };
		CE6F4FF02BA3FC06004ACA67 /* Appetizers.xcdatamodeld in Sources */ = {isa = PBXBuildFile; fileRef = CE6F4FEE2BA3FC06004ACA67 /* Appetizers.xcdatamodeld */; };
		CE6F4FFA2BA3FC06004ACA67 /* AppetizersTests.swift in Sources */ = {isa = PBXBuildFile; fileRef = CE6F4FF92BA3FC06004ACA67 /* AppetizersTests.swift */; };
		CE6F50042BA3FC06004ACA67 /* AppetizersUITests.swift in Sources */ = {isa = PBXBuildFile; fileRef = CE6F50032BA3FC06004ACA67 /* AppetizersUITests.swift */; };
		CE6F50062BA3FC06004ACA67 /* AppetizersUITestsLaunchTests.swift in Sources */ = {isa = PBXBuildFile; fileRef = CE6F50052BA3FC06004ACA67 /* AppetizersUITestsLaunchTests.swift */; };
		CE6F50162BA3FC51004ACA67 /* MainTabView.swift in Sources */ = {isa = PBXBuildFile; fileRef = CE6F50152BA3FC51004ACA67 /* MainTabView.swift */; };
		CE6F50182BA3FC5A004ACA67 /* ListAppetizer.swift in Sources */ = {isa = PBXBuildFile; fileRef = CE6F50172BA3FC5A004ACA67 /* ListAppetizer.swift */; };
		CE6F501A2BA3FC68004ACA67 /* AccountView.swift in Sources */ = {isa = PBXBuildFile; fileRef = CE6F50192BA3FC68004ACA67 /* AccountView.swift */; };
		CE6F501C2BA3FC83004ACA67 /* OrderView.swift in Sources */ = {isa = PBXBuildFile; fileRef = CE6F501B2BA3FC83004ACA67 /* OrderView.swift */; };
		CEAB8F0F2BA94C3F00061C24 /* NetworkManager.swift in Sources */ = {isa = PBXBuildFile; fileRef = CEAB8F0E2BA94C3F00061C24 /* NetworkManager.swift */; };
		CEAB8F112BA96A2000061C24 /* NetworkError.swift in Sources */ = {isa = PBXBuildFile; fileRef = CEAB8F102BA96A1F00061C24 /* NetworkError.swift */; };
		CEAB8F192BA96B6F00061C24 /* ListAppetizerViewModel.swift in Sources */ = {isa = PBXBuildFile; fileRef = CEAB8F182BA96B6F00061C24 /* ListAppetizerViewModel.swift */; };
		CEAB8F1C2BA96BC200061C24 /* ViewStatusEnum.swift in Sources */ = {isa = PBXBuildFile; fileRef = CEAB8F1B2BA96BC200061C24 /* ViewStatusEnum.swift */; };
		CEAB8F1F2BA9756700061C24 /* ImageLoader.swift in Sources */ = {isa = PBXBuildFile; fileRef = CEAB8F1E2BA9756700061C24 /* ImageLoader.swift */; };
		CEAB8F212BA9791900061C24 /* NetworkImage.swift in Sources */ = {isa = PBXBuildFile; fileRef = CEAB8F202BA9791900061C24 /* NetworkImage.swift */; };
		CEAB8F282BA9876000061C24 /* AppetizerDetailView.swift in Sources */ = {isa = PBXBuildFile; fileRef = CEAB8F262BA9876000061C24 /* AppetizerDetailView.swift */; };
		CEAB8F2B2BA9885500061C24 /* CircleDismissButton.swift in Sources */ = {isa = PBXBuildFile; fileRef = CEAB8F292BA9885500061C24 /* CircleDismissButton.swift */; };
		CEAB8F2C2BA9885500061C24 /* AppButton.swift in Sources */ = {isa = PBXBuildFile; fileRef = CEAB8F2A2BA9885500061C24 /* AppButton.swift */; };
		CEAB8F2E2BA98A6C00061C24 /* NutritionInfo.swift in Sources */ = {isa = PBXBuildFile; fileRef = CEAB8F2D2BA98A6C00061C24 /* NutritionInfo.swift */; };
		CEAB8F302BA98B6500061C24 /* MockData.swift in Sources */ = {isa = PBXBuildFile; fileRef = CEAB8F2F2BA98B6500061C24 /* MockData.swift */; };
		CEAB8F322BAA7F9600061C24 /* AccountViewModel.swift in Sources */ = {isa = PBXBuildFile; fileRef = CEAB8F312BAA7F9600061C24 /* AccountViewModel.swift */; };
		CEAB8F372BAA810100061C24 /* StringExt.swift in Sources */ = {isa = PBXBuildFile; fileRef = CEAB8F362BAA810100061C24 /* StringExt.swift */; };
		CEAB8F3A2BAA827400061C24 /* AlertItem.swift in Sources */ = {isa = PBXBuildFile; fileRef = CEAB8F392BAA827400061C24 /* AlertItem.swift */; };
		CEAB8F3C2BAA891900061C24 /* UserModel.swift in Sources */ = {isa = PBXBuildFile; fileRef = CEAB8F3B2BAA891900061C24 /* UserModel.swift */; };
		CEAB8F3E2BAA949C00061C24 /* AppetizerCell.swift in Sources */ = {isa = PBXBuildFile; fileRef = CEAB8F3D2BAA949C00061C24 /* AppetizerCell.swift */; };
		CEAB8F412BAA988600061C24 /* EmptyView.swift in Sources */ = {isa = PBXBuildFile; fileRef = CEAB8F402BAA988600061C24 /* EmptyView.swift */; };
		CEAB8F432BAA9BCD00061C24 /* OrderModel.swift in Sources */ = {isa = PBXBuildFile; fileRef = CEAB8F422BAA9BCD00061C24 /* OrderModel.swift */; };
/* End PBXBuildFile section */

/* Begin PBXContainerItemProxy section */
		CE6F4FF62BA3FC06004ACA67 /* PBXContainerItemProxy */ = {
			isa = PBXContainerItemProxy;
			containerPortal = CE6F4FD82BA3FC05004ACA67 /* Project object */;
			proxyType = 1;
			remoteGlobalIDString = CE6F4FDF2BA3FC05004ACA67;
			remoteInfo = Appetizers;
		};
		CE6F50002BA3FC06004ACA67 /* PBXContainerItemProxy */ = {
			isa = PBXContainerItemProxy;
			containerPortal = CE6F4FD82BA3FC05004ACA67 /* Project object */;
			proxyType = 1;
			remoteGlobalIDString = CE6F4FDF2BA3FC05004ACA67;
			remoteInfo = Appetizers;
		};
/* End PBXContainerItemProxy section */

/* Begin PBXFileReference section */
		CE05F8692BA44ED600E4D985 /* AppetizerResponse.swift */ = {isa = PBXFileReference; lastKnownFileType = sourcecode.swift; path = AppetizerResponse.swift; sourceTree = "<group>"; };
		CE6F4FE02BA3FC05004ACA67 /* Appetizers.app */ = {isa = PBXFileReference; explicitFileType = wrapper.application; includeInIndex = 0; path = Appetizers.app; sourceTree = BUILT_PRODUCTS_DIR; };
		CE6F4FE32BA3FC05004ACA67 /* AppetizersApp.swift */ = {isa = PBXFileReference; lastKnownFileType = sourcecode.swift; path = AppetizersApp.swift; sourceTree = "<group>"; };
		CE6F4FE72BA3FC06004ACA67 /* Assets.xcassets */ = {isa = PBXFileReference; lastKnownFileType = folder.assetcatalog; path = Assets.xcassets; sourceTree = "<group>"; };
		CE6F4FEA2BA3FC06004ACA67 /* Preview Assets.xcassets */ = {isa = PBXFileReference; lastKnownFileType = folder.assetcatalog; path = "Preview Assets.xcassets"; sourceTree = "<group>"; };
		CE6F4FEC2BA3FC06004ACA67 /* Persistence.swift */ = {isa = PBXFileReference; lastKnownFileType = sourcecode.swift; path = Persistence.swift; sourceTree = "<group>"; };
		CE6F4FEF2BA3FC06004ACA67 /* Appetizers.xcdatamodel */ = {isa = PBXFileReference; lastKnownFileType = wrapper.xcdatamodel; path = Appetizers.xcdatamodel; sourceTree = "<group>"; };
		CE6F4FF52BA3FC06004ACA67 /* AppetizersTests.xctest */ = {isa = PBXFileReference; explicitFileType = wrapper.cfbundle; includeInIndex = 0; path = AppetizersTests.xctest; sourceTree = BUILT_PRODUCTS_DIR; };
		CE6F4FF92BA3FC06004ACA67 /* AppetizersTests.swift */ = {isa = PBXFileReference; lastKnownFileType = sourcecode.swift; path = AppetizersTests.swift; sourceTree = "<group>"; };
		CE6F4FFF2BA3FC06004ACA67 /* AppetizersUITests.xctest */ = {isa = PBXFileReference; explicitFileType = wrapper.cfbundle; includeInIndex = 0; path = AppetizersUITests.xctest; sourceTree = BUILT_PRODUCTS_DIR; };
		CE6F50032BA3FC06004ACA67 /* AppetizersUITests.swift */ = {isa = PBXFileReference; lastKnownFileType = sourcecode.swift; path = AppetizersUITests.swift; sourceTree = "<group>"; };
		CE6F50052BA3FC06004ACA67 /* AppetizersUITestsLaunchTests.swift */ = {isa = PBXFileReference; lastKnownFileType = sourcecode.swift; path = AppetizersUITestsLaunchTests.swift; sourceTree = "<group>"; };
		CE6F50152BA3FC51004ACA67 /* MainTabView.swift */ = {isa = PBXFileReference; lastKnownFileType = sourcecode.swift; path = MainTabView.swift; sourceTree = "<group>"; };
		CE6F50172BA3FC5A004ACA67 /* ListAppetizer.swift */ = {isa = PBXFileReference; lastKnownFileType = sourcecode.swift; path = ListAppetizer.swift; sourceTree = "<group>"; };
		CE6F50192BA3FC68004ACA67 /* AccountView.swift */ = {isa = PBXFileReference; lastKnownFileType = sourcecode.swift; path = AccountView.swift; sourceTree = "<group>"; };
		CE6F501B2BA3FC83004ACA67 /* OrderView.swift */ = {isa = PBXFileReference; lastKnownFileType = sourcecode.swift; path = OrderView.swift; sourceTree = "<group>"; };
		CEAB8F0E2BA94C3F00061C24 /* NetworkManager.swift */ = {isa = PBXFileReference; lastKnownFileType = sourcecode.swift; path = NetworkManager.swift; sourceTree = "<group>"; };
		CEAB8F102BA96A1F00061C24 /* NetworkError.swift */ = {isa = PBXFileReference; lastKnownFileType = sourcecode.swift; path = NetworkError.swift; sourceTree = "<group>"; };
		CEAB8F182BA96B6F00061C24 /* ListAppetizerViewModel.swift */ = {isa = PBXFileReference; lastKnownFileType = sourcecode.swift; path = ListAppetizerViewModel.swift; sourceTree = "<group>"; };
		CEAB8F1B2BA96BC200061C24 /* ViewStatusEnum.swift */ = {isa = PBXFileReference; lastKnownFileType = sourcecode.swift; path = ViewStatusEnum.swift; sourceTree = "<group>"; };
		CEAB8F1E2BA9756700061C24 /* ImageLoader.swift */ = {isa = PBXFileReference; lastKnownFileType = sourcecode.swift; path = ImageLoader.swift; sourceTree = "<group>"; };
		CEAB8F202BA9791900061C24 /* NetworkImage.swift */ = {isa = PBXFileReference; lastKnownFileType = sourcecode.swift; path = NetworkImage.swift; sourceTree = "<group>"; };
		CEAB8F262BA9876000061C24 /* AppetizerDetailView.swift */ = {isa = PBXFileReference; fileEncoding = 4; lastKnownFileType = sourcecode.swift; path = AppetizerDetailView.swift; sourceTree = "<group>"; };
		CEAB8F292BA9885500061C24 /* CircleDismissButton.swift */ = {isa = PBXFileReference; fileEncoding = 4; lastKnownFileType = sourcecode.swift; path = CircleDismissButton.swift; sourceTree = "<group>"; };
		CEAB8F2A2BA9885500061C24 /* AppButton.swift */ = {isa = PBXFileReference; fileEncoding = 4; lastKnownFileType = sourcecode.swift; path = AppButton.swift; sourceTree = "<group>"; };
		CEAB8F2D2BA98A6C00061C24 /* NutritionInfo.swift */ = {isa = PBXFileReference; lastKnownFileType = sourcecode.swift; path = NutritionInfo.swift; sourceTree = "<group>"; };
		CEAB8F2F2BA98B6500061C24 /* MockData.swift */ = {isa = PBXFileReference; lastKnownFileType = sourcecode.swift; path = MockData.swift; sourceTree = "<group>"; };
		CEAB8F312BAA7F9600061C24 /* AccountViewModel.swift */ = {isa = PBXFileReference; lastKnownFileType = sourcecode.swift; path = AccountViewModel.swift; sourceTree = "<group>"; };
		CEAB8F362BAA810100061C24 /* StringExt.swift */ = {isa = PBXFileReference; lastKnownFileType = sourcecode.swift; path = StringExt.swift; sourceTree = "<group>"; };
		CEAB8F392BAA827400061C24 /* AlertItem.swift */ = {isa = PBXFileReference; lastKnownFileType = sourcecode.swift; path = AlertItem.swift; sourceTree = "<group>"; };
		CEAB8F3B2BAA891900061C24 /* UserModel.swift */ = {isa = PBXFileReference; lastKnownFileType = sourcecode.swift; path = UserModel.swift; sourceTree = "<group>"; };
		CEAB8F3D2BAA949C00061C24 /* AppetizerCell.swift */ = {isa = PBXFileReference; lastKnownFileType = sourcecode.swift; path = AppetizerCell.swift; sourceTree = "<group>"; };
		CEAB8F402BAA988600061C24 /* EmptyView.swift */ = {isa = PBXFileReference; lastKnownFileType = sourcecode.swift; path = EmptyView.swift; sourceTree = "<group>"; };
		CEAB8F422BAA9BCD00061C24 /* OrderModel.swift */ = {isa = PBXFileReference; lastKnownFileType = sourcecode.swift; path = OrderModel.swift; sourceTree = "<group>"; };
/* End PBXFileReference section */

/* Begin PBXFrameworksBuildPhase section */
		CE6F4FDD2BA3FC05004ACA67 /* Frameworks */ = {
			isa = PBXFrameworksBuildPhase;
			buildActionMask = 2147483647;
			files = (
			);
			runOnlyForDeploymentPostprocessing = 0;
		};
		CE6F4FF22BA3FC06004ACA67 /* Frameworks */ = {
			isa = PBXFrameworksBuildPhase;
			buildActionMask = 2147483647;
			files = (
			);
			runOnlyForDeploymentPostprocessing = 0;
		};
		CE6F4FFC2BA3FC06004ACA67 /* Frameworks */ = {
			isa = PBXFrameworksBuildPhase;
			buildActionMask = 2147483647;
			files = (
			);
			runOnlyForDeploymentPostprocessing = 0;
		};
/* End PBXFrameworksBuildPhase section */

/* Begin PBXGroup section */
		CE05F8682BA44EC300E4D985 /* Models */ = {
			isa = PBXGroup;
			children = (
				CE05F8692BA44ED600E4D985 /* AppetizerResponse.swift */,
				CEAB8F3B2BAA891900061C24 /* UserModel.swift */,
				CEAB8F422BAA9BCD00061C24 /* OrderModel.swift */,
			);
			path = Models;
			sourceTree = "<group>";
		};
		CE6F4FD72BA3FC05004ACA67 = {
			isa = PBXGroup;
			children = (
				CE6F4FE22BA3FC05004ACA67 /* Appetizers */,
				CE6F4FF82BA3FC06004ACA67 /* AppetizersTests */,
				CE6F50022BA3FC06004ACA67 /* AppetizersUITests */,
				CE6F4FE12BA3FC05004ACA67 /* Products */,
			);
			sourceTree = "<group>";
		};
		CE6F4FE12BA3FC05004ACA67 /* Products */ = {
			isa = PBXGroup;
			children = (
				CE6F4FE02BA3FC05004ACA67 /* Appetizers.app */,
				CE6F4FF52BA3FC06004ACA67 /* AppetizersTests.xctest */,
				CE6F4FFF2BA3FC06004ACA67 /* AppetizersUITests.xctest */,
			);
			name = Products;
			sourceTree = "<group>";
		};
		CE6F4FE22BA3FC05004ACA67 /* Appetizers */ = {
			isa = PBXGroup;
			children = (
				CEAB8F0D2BA94C2500061C24 /* Utils */,
				CE05F8682BA44EC300E4D985 /* Models */,
				CE6F50142BA3FC30004ACA67 /* Views */,
				CE6F4FE32BA3FC05004ACA67 /* AppetizersApp.swift */,
				CE6F4FE72BA3FC06004ACA67 /* Assets.xcassets */,
				CE6F4FEC2BA3FC06004ACA67 /* Persistence.swift */,
				CE6F4FEE2BA3FC06004ACA67 /* Appetizers.xcdatamodeld */,
				CE6F4FE92BA3FC06004ACA67 /* Preview Content */,
			);
			path = Appetizers;
			sourceTree = "<group>";
		};
		CE6F4FE92BA3FC06004ACA67 /* Preview Content */ = {
			isa = PBXGroup;
			children = (
				CE6F4FEA2BA3FC06004ACA67 /* Preview Assets.xcassets */,
			);
			path = "Preview Content";
			sourceTree = "<group>";
		};
		CE6F4FF82BA3FC06004ACA67 /* AppetizersTests */ = {
			isa = PBXGroup;
			children = (
				CE6F4FF92BA3FC06004ACA67 /* AppetizersTests.swift */,
			);
			path = AppetizersTests;
			sourceTree = "<group>";
		};
		CE6F50022BA3FC06004ACA67 /* AppetizersUITests */ = {
			isa = PBXGroup;
			children = (
				CE6F50032BA3FC06004ACA67 /* AppetizersUITests.swift */,
				CE6F50052BA3FC06004ACA67 /* AppetizersUITestsLaunchTests.swift */,
			);
			path = AppetizersUITests;
			sourceTree = "<group>";
		};
		CE6F50142BA3FC30004ACA67 /* Views */ = {
			isa = PBXGroup;
			children = (
				CEAB8F3F2BAA975F00061C24 /* EmptyView */,
				CEAB8F222BA9876000061C24 /* AppetizerDetailView */,
				CEAB8F1D2BA9752100061C24 /* CommonViews */,
				CEAB8F152BA96AE700061C24 /* Order */,
				CEAB8F142BA96ADD00061C24 /* Account */,
				CEAB8F132BA96ACC00061C24 /* ListAppetizer */,
				CEAB8F122BA96AB900061C24 /* Main */,
			);
			path = Views;
			sourceTree = "<group>";
		};
		CEAB8F0C2BA94C1600061C24 /* Network */ = {
			isa = PBXGroup;
			children = (
				CEAB8F0E2BA94C3F00061C24 /* NetworkManager.swift */,
				CEAB8F102BA96A1F00061C24 /* NetworkError.swift */,
			);
			path = Network;
			sourceTree = "<group>";
		};
		CEAB8F0D2BA94C2500061C24 /* Utils */ = {
			isa = PBXGroup;
			children = (
				CEAB8F352BAA80F200061C24 /* Extentions */,
				CEAB8F1E2BA9756700061C24 /* ImageLoader.swift */,
				CEAB8F1A2BA96BB400061C24 /* Enums */,
				CEAB8F0C2BA94C1600061C24 /* Network */,
				CEAB8F2F2BA98B6500061C24 /* MockData.swift */,
				CEAB8F392BAA827400061C24 /* AlertItem.swift */,
			);
			path = Utils;
			sourceTree = "<group>";
		};
		CEAB8F122BA96AB900061C24 /* Main */ = {
			isa = PBXGroup;
			children = (
				CE6F50152BA3FC51004ACA67 /* MainTabView.swift */,
			);
			path = Main;
			sourceTree = "<group>";
		};
		CEAB8F132BA96ACC00061C24 /* ListAppetizer */ = {
			isa = PBXGroup;
			children = (
				CEAB8F172BA96B4100061C24 /* ViewModel */,
				CEAB8F162BA96B3C00061C24 /* Views */,
			);
			path = ListAppetizer;
			sourceTree = "<group>";
		};
		CEAB8F142BA96ADD00061C24 /* Account */ = {
			isa = PBXGroup;
			children = (
				CEAB8F342BAA7F9D00061C24 /* ViewModel */,
				CEAB8F332BAA7F9900061C24 /* Views */,
			);
			path = Account;
			sourceTree = "<group>";
		};
		CEAB8F152BA96AE700061C24 /* Order */ = {
			isa = PBXGroup;
			children = (
				CE6F501B2BA3FC83004ACA67 /* OrderView.swift */,
			);
			path = Order;
			sourceTree = "<group>";
		};
		CEAB8F162BA96B3C00061C24 /* Views */ = {
			isa = PBXGroup;
			children = (
				CE6F50172BA3FC5A004ACA67 /* ListAppetizer.swift */,
			);
			path = Views;
			sourceTree = "<group>";
		};
		CEAB8F172BA96B4100061C24 /* ViewModel */ = {
			isa = PBXGroup;
			children = (
				CEAB8F182BA96B6F00061C24 /* ListAppetizerViewModel.swift */,
			);
			path = ViewModel;
			sourceTree = "<group>";
		};
		CEAB8F1A2BA96BB400061C24 /* Enums */ = {
			isa = PBXGroup;
			children = (
				CEAB8F1B2BA96BC200061C24 /* ViewStatusEnum.swift */,
			);
			path = Enums;
			sourceTree = "<group>";
		};
		CEAB8F1D2BA9752100061C24 /* CommonViews */ = {
			isa = PBXGroup;
			children = (
				CEAB8F2A2BA9885500061C24 /* AppButton.swift */,
				CEAB8F292BA9885500061C24 /* CircleDismissButton.swift */,
				CEAB8F202BA9791900061C24 /* NetworkImage.swift */,
				CEAB8F3D2BAA949C00061C24 /* AppetizerCell.swift */,
			);
			path = CommonViews;
			sourceTree = "<group>";
		};
		CEAB8F222BA9876000061C24 /* AppetizerDetailView */ = {
			isa = PBXGroup;
			children = (
				CEAB8F232BA9876000061C24 /* ViewModels */,
				CEAB8F252BA9876000061C24 /* Views */,
			);
			path = AppetizerDetailView;
			sourceTree = "<group>";
		};
		CEAB8F232BA9876000061C24 /* ViewModels */ = {
			isa = PBXGroup;
			children = (
			);
			path = ViewModels;
			sourceTree = "<group>";
		};
		CEAB8F252BA9876000061C24 /* Views */ = {
			isa = PBXGroup;
			children = (
				CEAB8F262BA9876000061C24 /* AppetizerDetailView.swift */,
				CEAB8F2D2BA98A6C00061C24 /* NutritionInfo.swift */,
			);
			path = Views;
			sourceTree = "<group>";
		};
		CEAB8F332BAA7F9900061C24 /* Views */ = {
			isa = PBXGroup;
			children = (
				CE6F50192BA3FC68004ACA67 /* AccountView.swift */,
			);
			path = Views;
			sourceTree = "<group>";
		};
		CEAB8F342BAA7F9D00061C24 /* ViewModel */ = {
			isa = PBXGroup;
			children = (
				CEAB8F312BAA7F9600061C24 /* AccountViewModel.swift */,
			);
			path = ViewModel;
			sourceTree = "<group>";
		};
		CEAB8F352BAA80F200061C24 /* Extentions */ = {
			isa = PBXGroup;
			children = (
				CEAB8F362BAA810100061C24 /* StringExt.swift */,
			);
			path = Extentions;
			sourceTree = "<group>";
		};
		CEAB8F3F2BAA975F00061C24 /* EmptyView */ = {
			isa = PBXGroup;
			children = (
				CEAB8F402BAA988600061C24 /* EmptyView.swift */,
			);
			path = EmptyView;
			sourceTree = "<group>";
		};
/* End PBXGroup section */

/* Begin PBXNativeTarget section */
		CE6F4FDF2BA3FC05004ACA67 /* Appetizers */ = {
			isa = PBXNativeTarget;
			buildConfigurationList = CE6F50092BA3FC06004ACA67 /* Build configuration list for PBXNativeTarget "Appetizers" */;
			buildPhases = (
				CE6F4FDC2BA3FC05004ACA67 /* Sources */,
				CE6F4FDD2BA3FC05004ACA67 /* Frameworks */,
				CE6F4FDE2BA3FC05004ACA67 /* Resources */,
			);
			buildRules = (
			);
			dependencies = (
			);
			name = Appetizers;
			productName = Appetizers;
			productReference = CE6F4FE02BA3FC05004ACA67 /* Appetizers.app */;
			productType = "com.apple.product-type.application";
		};
		CE6F4FF42BA3FC06004ACA67 /* AppetizersTests */ = {
			isa = PBXNativeTarget;
			buildConfigurationList = CE6F500C2BA3FC06004ACA67 /* Build configuration list for PBXNativeTarget "AppetizersTests" */;
			buildPhases = (
				CE6F4FF12BA3FC06004ACA67 /* Sources */,
				CE6F4FF22BA3FC06004ACA67 /* Frameworks */,
				CE6F4FF32BA3FC06004ACA67 /* Resources */,
			);
			buildRules = (
			);
			dependencies = (
				CE6F4FF72BA3FC06004ACA67 /* PBXTargetDependency */,
			);
			name = AppetizersTests;
			productName = AppetizersTests;
			productReference = CE6F4FF52BA3FC06004ACA67 /* AppetizersTests.xctest */;
			productType = "com.apple.product-type.bundle.unit-test";
		};
		CE6F4FFE2BA3FC06004ACA67 /* AppetizersUITests */ = {
			isa = PBXNativeTarget;
			buildConfigurationList = CE6F500F2BA3FC06004ACA67 /* Build configuration list for PBXNativeTarget "AppetizersUITests" */;
			buildPhases = (
				CE6F4FFB2BA3FC06004ACA67 /* Sources */,
				CE6F4FFC2BA3FC06004ACA67 /* Frameworks */,
				CE6F4FFD2BA3FC06004ACA67 /* Resources */,
			);
			buildRules = (
			);
			dependencies = (
				CE6F50012BA3FC06004ACA67 /* PBXTargetDependency */,
			);
			name = AppetizersUITests;
			productName = AppetizersUITests;
			productReference = CE6F4FFF2BA3FC06004ACA67 /* AppetizersUITests.xctest */;
			productType = "com.apple.product-type.bundle.ui-testing";
		};
/* End PBXNativeTarget section */

/* Begin PBXProject section */
		CE6F4FD82BA3FC05004ACA67 /* Project object */ = {
			isa = PBXProject;
			attributes = {
				BuildIndependentTargetsInParallel = 1;
				LastSwiftUpdateCheck = 1500;
				LastUpgradeCheck = 1500;
				TargetAttributes = {
					CE6F4FDF2BA3FC05004ACA67 = {
						CreatedOnToolsVersion = 15.0.1;
					};
					CE6F4FF42BA3FC06004ACA67 = {
						CreatedOnToolsVersion = 15.0.1;
						TestTargetID = CE6F4FDF2BA3FC05004ACA67;
					};
					CE6F4FFE2BA3FC06004ACA67 = {
						CreatedOnToolsVersion = 15.0.1;
						TestTargetID = CE6F4FDF2BA3FC05004ACA67;
					};
				};
			};
			buildConfigurationList = CE6F4FDB2BA3FC05004ACA67 /* Build configuration list for PBXProject "Appetizers" */;
			compatibilityVersion = "Xcode 14.0";
			developmentRegion = en;
			hasScannedForEncodings = 0;
			knownRegions = (
				en,
				Base,
			);
			mainGroup = CE6F4FD72BA3FC05004ACA67;
			productRefGroup = CE6F4FE12BA3FC05004ACA67 /* Products */;
			projectDirPath = "";
			projectRoot = "";
			targets = (
				CE6F4FDF2BA3FC05004ACA67 /* Appetizers */,
				CE6F4FF42BA3FC06004ACA67 /* AppetizersTests */,
				CE6F4FFE2BA3FC06004ACA67 /* AppetizersUITests */,
			);
		};
/* End PBXProject section */

/* Begin PBXResourcesBuildPhase section */
		CE6F4FDE2BA3FC05004ACA67 /* Resources */ = {
			isa = PBXResourcesBuildPhase;
			buildActionMask = 2147483647;
			files = (
				CE6F4FEB2BA3FC06004ACA67 /* Preview Assets.xcassets in Resources */,
				CE6F4FE82BA3FC06004ACA67 /* Assets.xcassets in Resources */,
			);
			runOnlyForDeploymentPostprocessing = 0;
		};
		CE6F4FF32BA3FC06004ACA67 /* Resources */ = {
			isa = PBXResourcesBuildPhase;
			buildActionMask = 2147483647;
			files = (
			);
			runOnlyForDeploymentPostprocessing = 0;
		};
		CE6F4FFD2BA3FC06004ACA67 /* Resources */ = {
			isa = PBXResourcesBuildPhase;
			buildActionMask = 2147483647;
			files = (
			);
			runOnlyForDeploymentPostprocessing = 0;
		};
/* End PBXResourcesBuildPhase section */

/* Begin PBXSourcesBuildPhase section */
		CE6F4FDC2BA3FC05004ACA67 /* Sources */ = {
			isa = PBXSourcesBuildPhase;
			buildActionMask = 2147483647;
			files = (
				CE6F50162BA3FC51004ACA67 /* MainTabView.swift in Sources */,
				CE6F501C2BA3FC83004ACA67 /* OrderView.swift in Sources */,
				CEAB8F192BA96B6F00061C24 /* ListAppetizerViewModel.swift in Sources */,
				CEAB8F2C2BA9885500061C24 /* AppButton.swift in Sources */,
				CEAB8F282BA9876000061C24 /* AppetizerDetailView.swift in Sources */,
				CEAB8F0F2BA94C3F00061C24 /* NetworkManager.swift in Sources */,
				CEAB8F3C2BAA891900061C24 /* UserModel.swift in Sources */,
				CEAB8F322BAA7F9600061C24 /* AccountViewModel.swift in Sources */,
				CE6F4FED2BA3FC06004ACA67 /* Persistence.swift in Sources */,
				CE05F86A2BA44ED600E4D985 /* AppetizerResponse.swift in Sources */,
				CEAB8F302BA98B6500061C24 /* MockData.swift in Sources */,
				CEAB8F372BAA810100061C24 /* StringExt.swift in Sources */,
				CEAB8F3A2BAA827400061C24 /* AlertItem.swift in Sources */,
				CEAB8F2B2BA9885500061C24 /* CircleDismissButton.swift in Sources */,
				CEAB8F212BA9791900061C24 /* NetworkImage.swift in Sources */,
				CEAB8F1F2BA9756700061C24 /* ImageLoader.swift in Sources */,
				CEAB8F432BAA9BCD00061C24 /* OrderModel.swift in Sources */,
				CE6F50182BA3FC5A004ACA67 /* ListAppetizer.swift in Sources */,
				CEAB8F1C2BA96BC200061C24 /* ViewStatusEnum.swift in Sources */,
				CEAB8F3E2BAA949C00061C24 /* AppetizerCell.swift in Sources */,
				CE6F501A2BA3FC68004ACA67 /* AccountView.swift in Sources */,
				CE6F4FF02BA3FC06004ACA67 /* Appetizers.xcdatamodeld in Sources */,
				CEAB8F412BAA988600061C24 /* EmptyView.swift in Sources */,
				CEAB8F112BA96A2000061C24 /* NetworkError.swift in Sources */,
				CEAB8F2E2BA98A6C00061C24 /* NutritionInfo.swift in Sources */,
				CE6F4FE42BA3FC05004ACA67 /* AppetizersApp.swift in Sources */,
			);
			runOnlyForDeploymentPostprocessing = 0;
		};
		CE6F4FF12BA3FC06004ACA67 /* Sources */ = {
			isa = PBXSourcesBuildPhase;
			buildActionMask = 2147483647;
			files = (
				CE6F4FFA2BA3FC06004ACA67 /* AppetizersTests.swift in Sources */,
			);
			runOnlyForDeploymentPostprocessing = 0;
		};
		CE6F4FFB2BA3FC06004ACA67 /* Sources */ = {
			isa = PBXSourcesBuildPhase;
			buildActionMask = 2147483647;
			files = (
				CE6F50042BA3FC06004ACA67 /* AppetizersUITests.swift in Sources */,
				CE6F50062BA3FC06004ACA67 /* AppetizersUITestsLaunchTests.swift in Sources */,
			);
			runOnlyForDeploymentPostprocessing = 0;
		};
/* End PBXSourcesBuildPhase section */

/* Begin PBXTargetDependency section */
		CE6F4FF72BA3FC06004ACA67 /* PBXTargetDependency */ = {
			isa = PBXTargetDependency;
			target = CE6F4FDF2BA3FC05004ACA67 /* Appetizers */;
			targetProxy = CE6F4FF62BA3FC06004ACA67 /* PBXContainerItemProxy */;
		};
		CE6F50012BA3FC06004ACA67 /* PBXTargetDependency */ = {
			isa = PBXTargetDependency;
			target = CE6F4FDF2BA3FC05004ACA67 /* Appetizers */;
			targetProxy = CE6F50002BA3FC06004ACA67 /* PBXContainerItemProxy */;
		};
/* End PBXTargetDependency section */

/* Begin XCBuildConfiguration section */
		CE6F50072BA3FC06004ACA67 /* Debug */ = {
			isa = XCBuildConfiguration;
			buildSettings = {
				ALWAYS_SEARCH_USER_PATHS = NO;
				ASSETCATALOG_COMPILER_GENERATE_SWIFT_ASSET_SYMBOL_EXTENSIONS = YES;
				CLANG_ANALYZER_NONNULL = YES;
				CLANG_ANALYZER_NUMBER_OBJECT_CONVERSION = YES_AGGRESSIVE;
				CLANG_CXX_LANGUAGE_STANDARD = "gnu++20";
				CLANG_ENABLE_MODULES = YES;
				CLANG_ENABLE_OBJC_ARC = YES;
				CLANG_ENABLE_OBJC_WEAK = YES;
				CLANG_WARN_BLOCK_CAPTURE_AUTORELEASING = YES;
				CLANG_WARN_BOOL_CONVERSION = YES;
				CLANG_WARN_COMMA = YES;
				CLANG_WARN_CONSTANT_CONVERSION = YES;
				CLANG_WARN_DEPRECATED_OBJC_IMPLEMENTATIONS = YES;
				CLANG_WARN_DIRECT_OBJC_ISA_USAGE = YES_ERROR;
				CLANG_WARN_DOCUMENTATION_COMMENTS = YES;
				CLANG_WARN_EMPTY_BODY = YES;
				CLANG_WARN_ENUM_CONVERSION = YES;
				CLANG_WARN_INFINITE_RECURSION = YES;
				CLANG_WARN_INT_CONVERSION = YES;
				CLANG_WARN_NON_LITERAL_NULL_CONVERSION = YES;
				CLANG_WARN_OBJC_IMPLICIT_RETAIN_SELF = YES;
				CLANG_WARN_OBJC_LITERAL_CONVERSION = YES;
				CLANG_WARN_OBJC_ROOT_CLASS = YES_ERROR;
				CLANG_WARN_QUOTED_INCLUDE_IN_FRAMEWORK_HEADER = YES;
				CLANG_WARN_RANGE_LOOP_ANALYSIS = YES;
				CLANG_WARN_STRICT_PROTOTYPES = YES;
				CLANG_WARN_SUSPICIOUS_MOVE = YES;
				CLANG_WARN_UNGUARDED_AVAILABILITY = YES_AGGRESSIVE;
				CLANG_WARN_UNREACHABLE_CODE = YES;
				CLANG_WARN__DUPLICATE_METHOD_MATCH = YES;
				COPY_PHASE_STRIP = NO;
				DEBUG_INFORMATION_FORMAT = dwarf;
				ENABLE_STRICT_OBJC_MSGSEND = YES;
				ENABLE_TESTABILITY = YES;
				ENABLE_USER_SCRIPT_SANDBOXING = YES;
				GCC_C_LANGUAGE_STANDARD = gnu17;
				GCC_DYNAMIC_NO_PIC = NO;
				GCC_NO_COMMON_BLOCKS = YES;
				GCC_OPTIMIZATION_LEVEL = 0;
				GCC_PREPROCESSOR_DEFINITIONS = (
					"DEBUG=1",
					"$(inherited)",
				);
				GCC_WARN_64_TO_32_BIT_CONVERSION = YES;
				GCC_WARN_ABOUT_RETURN_TYPE = YES_ERROR;
				GCC_WARN_UNDECLARED_SELECTOR = YES;
				GCC_WARN_UNINITIALIZED_AUTOS = YES_AGGRESSIVE;
				GCC_WARN_UNUSED_FUNCTION = YES;
				GCC_WARN_UNUSED_VARIABLE = YES;
				IPHONEOS_DEPLOYMENT_TARGET = 17.0;
				LOCALIZATION_PREFERS_STRING_CATALOGS = YES;
				MTL_ENABLE_DEBUG_INFO = INCLUDE_SOURCE;
				MTL_FAST_MATH = YES;
				ONLY_ACTIVE_ARCH = YES;
				SDKROOT = iphoneos;
				SWIFT_ACTIVE_COMPILATION_CONDITIONS = "DEBUG $(inherited)";
				SWIFT_OPTIMIZATION_LEVEL = "-Onone";
			};
			name = Debug;
		};
		CE6F50082BA3FC06004ACA67 /* Release */ = {
			isa = XCBuildConfiguration;
			buildSettings = {
				ALWAYS_SEARCH_USER_PATHS = NO;
				ASSETCATALOG_COMPILER_GENERATE_SWIFT_ASSET_SYMBOL_EXTENSIONS = YES;
				CLANG_ANALYZER_NONNULL = YES;
				CLANG_ANALYZER_NUMBER_OBJECT_CONVERSION = YES_AGGRESSIVE;
				CLANG_CXX_LANGUAGE_STANDARD = "gnu++20";
				CLANG_ENABLE_MODULES = YES;
				CLANG_ENABLE_OBJC_ARC = YES;
				CLANG_ENABLE_OBJC_WEAK = YES;
				CLANG_WARN_BLOCK_CAPTURE_AUTORELEASING = YES;
				CLANG_WARN_BOOL_CONVERSION = YES;
				CLANG_WARN_COMMA = YES;
				CLANG_WARN_CONSTANT_CONVERSION = YES;
				CLANG_WARN_DEPRECATED_OBJC_IMPLEMENTATIONS = YES;
				CLANG_WARN_DIRECT_OBJC_ISA_USAGE = YES_ERROR;
				CLANG_WARN_DOCUMENTATION_COMMENTS = YES;
				CLANG_WARN_EMPTY_BODY = YES;
				CLANG_WARN_ENUM_CONVERSION = YES;
				CLANG_WARN_INFINITE_RECURSION = YES;
				CLANG_WARN_INT_CONVERSION = YES;
				CLANG_WARN_NON_LITERAL_NULL_CONVERSION = YES;
				CLANG_WARN_OBJC_IMPLICIT_RETAIN_SELF = YES;
				CLANG_WARN_OBJC_LITERAL_CONVERSION = YES;
				CLANG_WARN_OBJC_ROOT_CLASS = YES_ERROR;
				CLANG_WARN_QUOTED_INCLUDE_IN_FRAMEWORK_HEADER = YES;
				CLANG_WARN_RANGE_LOOP_ANALYSIS = YES;
				CLANG_WARN_STRICT_PROTOTYPES = YES;
				CLANG_WARN_SUSPICIOUS_MOVE = YES;
				CLANG_WARN_UNGUARDED_AVAILABILITY = YES_AGGRESSIVE;
				CLANG_WARN_UNREACHABLE_CODE = YES;
				CLANG_WARN__DUPLICATE_METHOD_MATCH = YES;
				COPY_PHASE_STRIP = NO;
				DEBUG_INFORMATION_FORMAT = "dwarf-with-dsym";
				ENABLE_NS_ASSERTIONS = NO;
				ENABLE_STRICT_OBJC_MSGSEND = YES;
				ENABLE_USER_SCRIPT_SANDBOXING = YES;
				GCC_C_LANGUAGE_STANDARD = gnu17;
				GCC_NO_COMMON_BLOCKS = YES;
				GCC_WARN_64_TO_32_BIT_CONVERSION = YES;
				GCC_WARN_ABOUT_RETURN_TYPE = YES_ERROR;
				GCC_WARN_UNDECLARED_SELECTOR = YES;
				GCC_WARN_UNINITIALIZED_AUTOS = YES_AGGRESSIVE;
				GCC_WARN_UNUSED_FUNCTION = YES;
				GCC_WARN_UNUSED_VARIABLE = YES;
				IPHONEOS_DEPLOYMENT_TARGET = 17.0;
				LOCALIZATION_PREFERS_STRING_CATALOGS = YES;
				MTL_ENABLE_DEBUG_INFO = NO;
				MTL_FAST_MATH = YES;
				SDKROOT = iphoneos;
				SWIFT_COMPILATION_MODE = wholemodule;
				VALIDATE_PRODUCT = YES;
			};
			name = Release;
		};
		CE6F500A2BA3FC06004ACA67 /* Debug */ = {
			isa = XCBuildConfiguration;
			buildSettings = {
				ASSETCATALOG_COMPILER_APPICON_NAME = AppIcon;
				ASSETCATALOG_COMPILER_GLOBAL_ACCENT_COLOR_NAME = AccentColor;
				CODE_SIGN_STYLE = Automatic;
				CURRENT_PROJECT_VERSION = 1;
				DEVELOPMENT_ASSET_PATHS = "\"Appetizers/Preview Content\"";
				ENABLE_PREVIEWS = YES;
				GENERATE_INFOPLIST_FILE = YES;
				INFOPLIST_KEY_UIApplicationSceneManifest_Generation = YES;
				INFOPLIST_KEY_UIApplicationSupportsIndirectInputEvents = YES;
				INFOPLIST_KEY_UILaunchScreen_Generation = YES;
				INFOPLIST_KEY_UISupportedInterfaceOrientations_iPad = "UIInterfaceOrientationPortrait UIInterfaceOrientationPortraitUpsideDown UIInterfaceOrientationLandscapeLeft UIInterfaceOrientationLandscapeRight";
				INFOPLIST_KEY_UISupportedInterfaceOrientations_iPhone = "UIInterfaceOrientationPortrait UIInterfaceOrientationLandscapeLeft UIInterfaceOrientationLandscapeRight";
				LD_RUNPATH_SEARCH_PATHS = (
					"$(inherited)",
					"@executable_path/Frameworks",
				);
				MARKETING_VERSION = 1.0;
				PRODUCT_BUNDLE_IDENTIFIER = none.Appetizers;
				PRODUCT_NAME = "$(TARGET_NAME)";
				SWIFT_EMIT_LOC_STRINGS = YES;
				SWIFT_VERSION = 5.0;
				TARGETED_DEVICE_FAMILY = "1,2";
			};
			name = Debug;
		};
		CE6F500B2BA3FC06004ACA67 /* Release */ = {
			isa = XCBuildConfiguration;
			buildSettings = {
				ASSETCATALOG_COMPILER_APPICON_NAME = AppIcon;
				ASSETCATALOG_COMPILER_GLOBAL_ACCENT_COLOR_NAME = AccentColor;
				CODE_SIGN_STYLE = Automatic;
				CURRENT_PROJECT_VERSION = 1;
				DEVELOPMENT_ASSET_PATHS = "\"Appetizers/Preview Content\"";
				ENABLE_PREVIEWS = YES;
				GENERATE_INFOPLIST_FILE = YES;
				INFOPLIST_KEY_UIApplicationSceneManifest_Generation = YES;
				INFOPLIST_KEY_UIApplicationSupportsIndirectInputEvents = YES;
				INFOPLIST_KEY_UILaunchScreen_Generation = YES;
				INFOPLIST_KEY_UISupportedInterfaceOrientations_iPad = "UIInterfaceOrientationPortrait UIInterfaceOrientationPortraitUpsideDown UIInterfaceOrientationLandscapeLeft UIInterfaceOrientationLandscapeRight";
				INFOPLIST_KEY_UISupportedInterfaceOrientations_iPhone = "UIInterfaceOrientationPortrait UIInterfaceOrientationLandscapeLeft UIInterfaceOrientationLandscapeRight";
				LD_RUNPATH_SEARCH_PATHS = (
					"$(inherited)",
					"@executable_path/Frameworks",
				);
				MARKETING_VERSION = 1.0;
				PRODUCT_BUNDLE_IDENTIFIER = none.Appetizers;
				PRODUCT_NAME = "$(TARGET_NAME)";
				SWIFT_EMIT_LOC_STRINGS = YES;
				SWIFT_VERSION = 5.0;
				TARGETED_DEVICE_FAMILY = "1,2";
			};
			name = Release;
		};
		CE6F500D2BA3FC06004ACA67 /* Debug */ = {
			isa = XCBuildConfiguration;
			buildSettings = {
				ALWAYS_EMBED_SWIFT_STANDARD_LIBRARIES = YES;
				BUNDLE_LOADER = "$(TEST_HOST)";
				CODE_SIGN_STYLE = Automatic;
				CURRENT_PROJECT_VERSION = 1;
				GENERATE_INFOPLIST_FILE = YES;
				IPHONEOS_DEPLOYMENT_TARGET = 17.0;
				MARKETING_VERSION = 1.0;
				PRODUCT_BUNDLE_IDENTIFIER = none.AppetizersTests;
				PRODUCT_NAME = "$(TARGET_NAME)";
				SWIFT_EMIT_LOC_STRINGS = NO;
				SWIFT_VERSION = 5.0;
				TARGETED_DEVICE_FAMILY = "1,2";
				TEST_HOST = "$(BUILT_PRODUCTS_DIR)/Appetizers.app/$(BUNDLE_EXECUTABLE_FOLDER_PATH)/Appetizers";
			};
			name = Debug;
		};
		CE6F500E2BA3FC06004ACA67 /* Release */ = {
			isa = XCBuildConfiguration;
			buildSettings = {
				ALWAYS_EMBED_SWIFT_STANDARD_LIBRARIES = YES;
				BUNDLE_LOADER = "$(TEST_HOST)";
				CODE_SIGN_STYLE = Automatic;
				CURRENT_PROJECT_VERSION = 1;
				GENERATE_INFOPLIST_FILE = YES;
				IPHONEOS_DEPLOYMENT_TARGET = 17.0;
				MARKETING_VERSION = 1.0;
				PRODUCT_BUNDLE_IDENTIFIER = none.AppetizersTests;
				PRODUCT_NAME = "$(TARGET_NAME)";
				SWIFT_EMIT_LOC_STRINGS = NO;
				SWIFT_VERSION = 5.0;
				TARGETED_DEVICE_FAMILY = "1,2";
				TEST_HOST = "$(BUILT_PRODUCTS_DIR)/Appetizers.app/$(BUNDLE_EXECUTABLE_FOLDER_PATH)/Appetizers";
			};
			name = Release;
		};
		CE6F50102BA3FC06004ACA67 /* Debug */ = {
			isa = XCBuildConfiguration;
			buildSettings = {
				ALWAYS_EMBED_SWIFT_STANDARD_LIBRARIES = YES;
				CODE_SIGN_STYLE = Automatic;
				CURRENT_PROJECT_VERSION = 1;
				GENERATE_INFOPLIST_FILE = YES;
				MARKETING_VERSION = 1.0;
				PRODUCT_BUNDLE_IDENTIFIER = none.AppetizersUITests;
				PRODUCT_NAME = "$(TARGET_NAME)";
				SWIFT_EMIT_LOC_STRINGS = NO;
				SWIFT_VERSION = 5.0;
				TARGETED_DEVICE_FAMILY = "1,2";
				TEST_TARGET_NAME = Appetizers;
			};
			name = Debug;
		};
		CE6F50112BA3FC06004ACA67 /* Release */ = {
			isa = XCBuildConfiguration;
			buildSettings = {
				ALWAYS_EMBED_SWIFT_STANDARD_LIBRARIES = YES;
				CODE_SIGN_STYLE = Automatic;
				CURRENT_PROJECT_VERSION = 1;
				GENERATE_INFOPLIST_FILE = YES;
				MARKETING_VERSION = 1.0;
				PRODUCT_BUNDLE_IDENTIFIER = none.AppetizersUITests;
				PRODUCT_NAME = "$(TARGET_NAME)";
				SWIFT_EMIT_LOC_STRINGS = NO;
				SWIFT_VERSION = 5.0;
				TARGETED_DEVICE_FAMILY = "1,2";
				TEST_TARGET_NAME = Appetizers;
			};
			name = Release;
		};
/* End XCBuildConfiguration section */

/* Begin XCConfigurationList section */
		CE6F4FDB2BA3FC05004ACA67 /* Build configuration list for PBXProject "Appetizers" */ = {
			isa = XCConfigurationList;
			buildConfigurations = (
				CE6F50072BA3FC06004ACA67 /* Debug */,
				CE6F50082BA3FC06004ACA67 /* Release */,
			);
			defaultConfigurationIsVisible = 0;
			defaultConfigurationName = Release;
		};
		CE6F50092BA3FC06004ACA67 /* Build configuration list for PBXNativeTarget "Appetizers" */ = {
			isa = XCConfigurationList;
			buildConfigurations = (
				CE6F500A2BA3FC06004ACA67 /* Debug */,
				CE6F500B2BA3FC06004ACA67 /* Release */,
			);
			defaultConfigurationIsVisible = 0;
			defaultConfigurationName = Release;
		};
		CE6F500C2BA3FC06004ACA67 /* Build configuration list for PBXNativeTarget "AppetizersTests" */ = {
			isa = XCConfigurationList;
			buildConfigurations = (
				CE6F500D2BA3FC06004ACA67 /* Debug */,
				CE6F500E2BA3FC06004ACA67 /* Release */,
			);
			defaultConfigurationIsVisible = 0;
			defaultConfigurationName = Release;
		};
		CE6F500F2BA3FC06004ACA67 /* Build configuration list for PBXNativeTarget "AppetizersUITests" */ = {
			isa = XCConfigurationList;
			buildConfigurations = (
				CE6F50102BA3FC06004ACA67 /* Debug */,
				CE6F50112BA3FC06004ACA67 /* Release */,
			);
			defaultConfigurationIsVisible = 0;
			defaultConfigurationName = Release;
		};
/* End XCConfigurationList section */

/* Begin XCVersionGroup section */
		CE6F4FEE2BA3FC06004ACA67 /* Appetizers.xcdatamodeld */ = {
			isa = XCVersionGroup;
			children = (
				CE6F4FEF2BA3FC06004ACA67 /* Appetizers.xcdatamodel */,
			);
			currentVersion = CE6F4FEF2BA3FC06004ACA67 /* Appetizers.xcdatamodel */;
			path = Appetizers.xcdatamodeld;
			sourceTree = "<group>";
			versionGroupType = wrapper.xcdatamodel;
		};
/* End XCVersionGroup section */
	};
	rootObject = CE6F4FD82BA3FC05004ACA67 /* Project object */;
}
